PODS:
  - Nimble (9.2.0)
  - PanTilt (0.3.0)
  - Quick (4.0.0)

DEPENDENCIES:
  - Nimble
  - PanTilt (from `../`)
  - Quick

SPEC REPOS:
  trunk:
    - Nimble
    - Quick

EXTERNAL SOURCES:
  PanTilt:
    :path: "../"

SPEC CHECKSUMS:
  Nimble: 4f4a345c80b503b3ea13606a4f98405974ee4d0b
  PanTilt: 59ee17dd8a2c218b6b81eba7657911fed9100294
  Quick: 6473349e43b9271a8d43839d9ba1c442ed1b7ac4

PODFILE CHECKSUM: 3c6c00f1c58d2fde7368676bc46332a970467a83

COCOAPODS: 1.10.0
